
Microsoft Visual Studio Solution File, Format Version 12.00
# Visual Studio Version 17
VisualStudioVersion = 17.13.35931.197
MinimumVisualStudioVersion = 10.0.40219.1
Project("{FAE04EC0-301F-11D3-BF4B-00C04F79EFBC}") = "WebApplicationMaxim", "WebApplicationMaxim\WebApplicationMaxim.csproj", "{FE4B5318-B376-4D00-A362-F585C37747ED}"
EndProject
Project("{FAE04EC0-301F-11D3-BF4B-00C04F79EFBC}") = "TestProjectMaxim", "TestProjectMaxim\TestProjectMaxim.csproj", "{046A1FDD-E203-4351-9AA4-72068C567E25}"
EndProject
Global
	GlobalSection(SolutionConfigurationPlatforms) = preSolution
		Debug|Any CPU = Debug|Any CPU
		Release|Any CPU = Release|Any CPU
	EndGlobalSection
	GlobalSection(ProjectConfigurationPlatforms) = postSolution
		{FE4B5318-B376-4D00-A362-F585C37747ED}.Debug|Any CPU.ActiveCfg = Debug|Any CPU
		{FE4B5318-B376-4D00-A362-F585C37747ED}.Debug|Any CPU.Build.0 = Debug|Any CPU
		{FE4B5318-B376-4D00-A362-F585C37747ED}.Release|Any CPU.ActiveCfg = Release|Any CPU
		{FE4B5318-B376-4D00-A362-F585C37747ED}.Release|Any CPU.Build.0 = Release|Any CPU
		{046A1FDD-E203-4351-9AA4-72068C567E25}.Debug|Any CPU.ActiveCfg = Debug|Any CPU
		{046A1FDD-E203-4351-9AA4-72068C567E25}.Debug|Any CPU.Build.0 = Debug|Any CPU
		{046A1FDD-E203-4351-9AA4-72068C567E25}.Release|Any CPU.ActiveCfg = Release|Any CPU
		{046A1FDD-E203-4351-9AA4-72068C567E25}.Release|Any CPU.Build.0 = Release|Any CPU
	EndGlobalSection
	GlobalSection(SolutionProperties) = preSolution
		HideSolutionNode = FALSE
	EndGlobalSection
	GlobalSection(ExtensibilityGlobals) = postSolution
		SolutionGuid = {17E80D21-BDB6-494F-A485-83D603E87F35}
	EndGlobalSection
EndGlobal
